# This file is autogenerated, do not edit; changes may be undone by the next 'dep ensure'.


[[projects]]
  branch = "master"
  name = "github.com/MichaelTJones/pcg"
  packages = ["."]
  revision = "2ebcd54841cef0e771d248b1dcd1cb681867b108"

[[projects]]
  name = "github.com/thomas-holmes/gterm"
  packages = ["."]
  revision = "358c330baddf16e8c0492b1d0b04cd297cdb164b"
  version = "v0.3.0"

[[projects]]
  name = "github.com/veandco/go-sdl2"
  packages = [
    "img",
    "sdl"
  ]
  revision = "30f30965227962032c13bd0b12a89e6a5107c768"
  version = "v0.2"

[[projects]]
  name = "golang.org/x/text"
  packages = [
    "encoding",
    "encoding/charmap",
    "encoding/internal",
    "encoding/internal/identifier",
    "internal/gen",
    "transform",
    "unicode/cldr"
  ]
  revision = "f21a4dfb5e38f5895301dc265a8def02365cc3d0"
  version = "v0.3.0"

[[projects]]
  branch = "v2"
  name = "gopkg.in/yaml.v2"
  packages = ["."]
  revision = "d670f9405373e636a5a2765eea47fac0c9bc91a4"

[solve-meta]
  analyzer-name = "dep"
  analyzer-version = 1
  inputs-digest = "884b2191ebc35b8f64f55fa40251edff2835ba7abfab416a2fb95a9de16e38d2"
  solver-name = "gps-cdcl"
  solver-version = 1
