# This file is autogenerated, do not edit; changes may be undone by the next 'dep ensure'.


[[projects]]
  name = "github.com/BurntSushi/toml"
  packages = ["."]
  revision = "b26d9c308763d68093482582cea63d69be07a0f0"
  version = "v0.3.0"

[[projects]]
  branch = "master"
  name = "github.com/MichaelTJones/pcg"
  packages = ["."]
  revision = "2ebcd54841cef0e771d248b1dcd1cb681867b108"

[[projects]]
  branch = "master"
  name = "github.com/thomas-holmes/gterm"
  packages = ["."]
  revision = "3fe75a7c16587971d7f80cf4c1cc8595325f253e"

[[projects]]
  name = "github.com/veandco/go-sdl2"
  packages = ["sdl","ttf"]
  revision = "30f30965227962032c13bd0b12a89e6a5107c768"
  version = "v0.2"

[solve-meta]
  analyzer-name = "dep"
  analyzer-version = 1
  inputs-digest = "104e2cf27cfa359648499eda82cb3f52dfb3fffd34a0530161008f8ed633d613"
  solver-name = "gps-cdcl"
  solver-version = 1
