# This file is autogenerated, do not edit; changes may be undone by the next 'dep ensure'.


[[projects]]
  branch = "master"
  name = "github.com/MichaelTJones/pcg"
  packages = ["."]
  revision = "2ebcd54841cef0e771d248b1dcd1cb681867b108"

[[projects]]
  name = "github.com/thomas-holmes/gterm"
  packages = ["."]
  revision = "b3e646e853fcb1638666ab9a60ab66b7377d9f05"
  version = "v0.2.1"

[[projects]]
  name = "github.com/veandco/go-sdl2"
  packages = [
    "sdl",
    "ttf"
  ]
  revision = "30f30965227962032c13bd0b12a89e6a5107c768"
  version = "v0.2"

[[projects]]
  branch = "v2"
  name = "gopkg.in/yaml.v2"
  packages = ["."]
  revision = "d670f9405373e636a5a2765eea47fac0c9bc91a4"

[solve-meta]
  analyzer-name = "dep"
  analyzer-version = 1
  inputs-digest = "44e10b012849df5d442ac077c661cdf1c9321a1b1bfd2bc26a79fe4903df2d6b"
  solver-name = "gps-cdcl"
  solver-version = 1
